# THIS IS AN AUTOGENERATED FILE. DO NOT EDIT THIS FILE DIRECTLY.
# yarn lockfile v1


argparse@^1.0.7:
  version "1.0.10"
  resolved "https://registry.yarnpkg.com/argparse/-/argparse-1.0.10.tgz#bcd6791ea5ae09725e17e5ad988134cd40b3d911"
  integrity sha512-o5Roy6tNG4SL/FOkCAN6RzjiakZS25RLYFrcMttJqbdd8BWrnA+fGz57iN5Pb06pvBGvl5gQ0B48dJlslXvoTg==
  dependencies:
    sprintf-js "~1.0.2"

crelt@^1.0.0:
  version "1.0.5"
  resolved "https://registry.yarnpkg.com/crelt/-/crelt-1.0.5.tgz#57c0d52af8c859e354bace1883eb2e1eb182bb94"
  integrity sha512-+BO9wPPi+DWTDcNYhr/W90myha8ptzftZT+LwcmUbbok0rcP/fequmFYCw8NMoH7pkAZQzU78b3kYrlua5a9eA==

entities@~2.0.0:
  version "2.0.3"
  resolved "https://registry.yarnpkg.com/entities/-/entities-2.0.3.tgz#5c487e5742ab93c15abb5da22759b8590ec03b7f"
  integrity sha512-MyoZ0jgnLvB2X3Lg5HqpFmn1kybDiIfEQmKzTb5apr51Rb+T3KdmMiqa70T+bhGnyv7bQ6WMj2QMHpGMmlrUYQ==

linkify-it@^2.0.0:
  version "2.2.0"
  resolved "https://registry.yarnpkg.com/linkify-it/-/linkify-it-2.2.0.tgz#e3b54697e78bf915c70a38acd78fd09e0058b1cf"
  integrity sha512-GnAl/knGn+i1U/wjBz3akz2stz+HrHLsxMwHQGofCDfPvlf+gDKN58UtfmUquTY4/MXeE2x7k19KQmeoZi94Iw==
  dependencies:
    uc.micro "^1.0.1"

markdown-it@^10.0.0:
  version "10.0.0"
  resolved "https://registry.yarnpkg.com/markdown-it/-/markdown-it-10.0.0.tgz#abfc64f141b1722d663402044e43927f1f50a8dc"
  integrity sha512-YWOP1j7UbDNz+TumYP1kpwnP0aEa711cJjrAQrzd0UXlbJfc5aAq0F/PZHjiioqDC1NKgvIMX+o+9Bk7yuM2dg==
  dependencies:
    argparse "^1.0.7"
    entities "~2.0.0"
    linkify-it "^2.0.0"
    mdurl "^1.0.1"
    uc.micro "^1.0.5"

mdurl@^1.0.1:
  version "1.0.1"
  resolved "https://registry.yarnpkg.com/mdurl/-/mdurl-1.0.1.tgz#fe85b2ec75a59037f2adfec100fd6c601761152e"
  integrity sha1-/oWy7HWlkDfyrf7BAP1sYBdhFS4=

orderedmap@^2.0.0:
  version "2.1.0"
  resolved "https://registry.yarnpkg.com/orderedmap/-/orderedmap-2.1.0.tgz#819457082fa3a06abd316d83a281a1ca467437cd"
  integrity sha512-/pIFexOm6S70EPdznemIz3BQZoJ4VTFrhqzu0ACBqBgeLsLxq8e6Jim63ImIfwW/zAD1AlXpRMlOv3aghmo4dA==

prosemirror-commands@^1.0.0, prosemirror-commands@^1.1.4:
  version "1.1.8"
  resolved "https://registry.yarnpkg.com/prosemirror-commands/-/prosemirror-commands-1.1.8.tgz#61aec59ac101b7990ec59726199f2a31ef0cd8ca"
  integrity sha512-EIj/WAlrK2rVugxNxsFG6pI4430RL63ka2QKB9dO7vvStsLO//nq/oMjmd3VXp08+QNrmmLE23utqBUZwbS9Jg==
  dependencies:
    prosemirror-model "^1.0.0"
    prosemirror-state "^1.0.0"
    prosemirror-transform "^1.0.0"

prosemirror-dropcursor@^1.3.2:
  version "1.3.5"
  resolved "https://registry.yarnpkg.com/prosemirror-dropcursor/-/prosemirror-dropcursor-1.3.5.tgz#d2808c17089df0e441ad66016aecc2b6457c8a1f"
  integrity sha512-tNUwcF2lPAkwKBZPZRtbxpwljnODRNZ3eiYloN1DSUqDjMT1nBZm0nejaEMS1TvNQ+3amibUSAiV4hX+jpASFA==
  dependencies:
    prosemirror-state "^1.0.0"
    prosemirror-transform "^1.1.0"
    prosemirror-view "^1.1.0"

prosemirror-gapcursor@^1.1.5:
  version "1.1.5"
  resolved "https://registry.yarnpkg.com/prosemirror-gapcursor/-/prosemirror-gapcursor-1.1.5.tgz#0c37fd6cbb1d7c46358c2e7397f8da9a8b5c6246"
  integrity sha512-SjbUZq5pgsBDuV3hu8GqgIpZR5eZvGLM+gPQTqjVVYSMUCfKW3EGXTEYaLHEl1bGduwqNC95O3bZflgtAb4L6w==
  dependencies:
    prosemirror-keymap "^1.0.0"
    prosemirror-model "^1.0.0"
    prosemirror-state "^1.0.0"
    prosemirror-view "^1.0.0"

prosemirror-history@^1.0.0, prosemirror-history@^1.1.3:
  version "1.1.3"
  resolved "https://registry.yarnpkg.com/prosemirror-history/-/prosemirror-history-1.1.3.tgz#4f76a1e71db4ef7cdf0e13dec6d8da2aeaecd489"
  integrity sha512-zGDotijea+vnfnyyUGyiy1wfOQhf0B/b6zYcCouBV8yo6JmrE9X23M5q7Nf/nATywEZbgRLG70R4DmfSTC+gfg==
  dependencies:
    prosemirror-state "^1.2.2"
    prosemirror-transform "^1.0.0"
    rope-sequence "^1.3.0"

prosemirror-inputrules@^1.1.3:
  version "1.1.3"
  resolved "https://registry.yarnpkg.com/prosemirror-inputrules/-/prosemirror-inputrules-1.1.3.tgz#93f9199ca02473259c30d7e352e4c14022d54638"
  integrity sha512-ZaHCLyBtvbyIHv0f5p6boQTIJjlD6o2NPZiEaZWT2DA+j591zS29QQEMT4lBqwcLW3qRSf7ZvoKNbf05YrsStw==
  dependencies:
    prosemirror-state "^1.0.0"
    prosemirror-transform "^1.0.0"

prosemirror-keymap@^1.0.0, prosemirror-keymap@^1.1.4:
  version "1.1.4"
  resolved "https://registry.yarnpkg.com/prosemirror-keymap/-/prosemirror-keymap-1.1.4.tgz#8b481bf8389a5ac40d38dbd67ec3da2c7eac6a6d"
  integrity sha512-Al8cVUOnDFL4gcI5IDlG6xbZ0aOD/i3B17VT+1JbHWDguCgt/lBHVTHUBcKvvbSg6+q/W4Nj1Fu6bwZSca3xjg==
  dependencies:
    prosemirror-state "^1.0.0"
    w3c-keyname "^2.2.0"

prosemirror-keymap@^1.1.2:
  version "1.2.0"
  resolved "https://registry.yarnpkg.com/prosemirror-keymap/-/prosemirror-keymap-1.2.0.tgz#d5cc9da9b712020690a994b50b92a0e448a60bf5"
  integrity sha512-TdSfu+YyLDd54ufN/ZeD1VtBRYpgZnTPnnbY+4R08DDgs84KrIPEPbJL8t1Lm2dkljFx6xeBE26YWH3aIzkPKg==
  dependencies:
    prosemirror-state "^1.0.0"
    w3c-keyname "^2.2.0"

prosemirror-markdown@1.5.1:
  version "1.5.1"
  resolved "https://registry.yarnpkg.com/prosemirror-markdown/-/prosemirror-markdown-1.5.1.tgz#877c7faea2225d3c52e988599bbe4457bcb3190f"
  integrity sha512-QvucPHx+gKOQW1SETKUysrful9VBjKqpCFmPotgLfVZ3BdQEGy/NEIFhaXXo3TcuW316MMnKfA90K7GE5I7z8A==
  dependencies:
    markdown-it "^10.0.0"
    prosemirror-model "^1.0.0"

prosemirror-menu@^1.1.4:
  version "1.1.4"
  resolved "https://registry.yarnpkg.com/prosemirror-menu/-/prosemirror-menu-1.1.4.tgz#a845ae0e14ce1f92dd39d7f23caa6063265cd98c"
  integrity sha512-2ROsji/X9ciDnVSRvSTqFygI34GEdHfQSsK4zBKjPxSEroeiHHcdRMS1ofNIf2zM0Vpp5/YqfpxynElymQkqzg==
  dependencies:
    crelt "^1.0.0"
    prosemirror-commands "^1.0.0"
    prosemirror-history "^1.0.0"
    prosemirror-state "^1.0.0"

prosemirror-model@^1.0.0, prosemirror-model@^1.1.0, prosemirror-model@^1.16.0, prosemirror-model@^1.8.1:
  version "1.18.3"
  resolved "https://registry.yarnpkg.com/prosemirror-model/-/prosemirror-model-1.18.3.tgz#d1026a78cff928fd600e90d87cf7d162e0a4e3fd"
  integrity sha512-yUVejauEY3F1r7PDy4UJKEGeIU+KFc71JQl5sNvG66CLVdKXRjhWpBW6KMeduGsmGOsw85f6EGrs6QxIKOVILA==
  dependencies:
    orderedmap "^2.0.0"

prosemirror-schema-list@^1.1.4:
  version "1.1.4"
  resolved "https://registry.yarnpkg.com/prosemirror-schema-list/-/prosemirror-schema-list-1.1.4.tgz#471f9caf2d2bed93641d2e490434c0d2d4330df1"
  integrity sha512-pNTuZflacFOBlxrTcWSdWhjoB8BaucwfJVp/gJNxztOwaN3wQiC65axclXyplf6TKgXD/EkWfS/QAov3/Znadw==
  dependencies:
    prosemirror-model "^1.0.0"
    prosemirror-transform "^1.0.0"

prosemirror-state@^1.0.0, prosemirror-state@^1.2.2, prosemirror-state@^1.3.3:
  version "1.3.4"
  resolved "https://registry.yarnpkg.com/prosemirror-state/-/prosemirror-state-1.3.4.tgz#4c6b52628216e753fc901c6d2bfd84ce109e8952"
  integrity sha512-Xkkrpd1y/TQ6HKzN3agsQIGRcLckUMA9u3j207L04mt8ToRgpGeyhbVv0HI7omDORIBHjR29b7AwlATFFf2GLA==
  dependencies:
    prosemirror-model "^1.0.0"
    prosemirror-transform "^1.0.0"

prosemirror-state@^1.3.1:
  version "1.4.2"
  resolved "https://registry.yarnpkg.com/prosemirror-state/-/prosemirror-state-1.4.2.tgz#f93bd8a33a4454efab917ba9b738259d828db7e5"
  integrity sha512-puuzLD2mz/oTdfgd8msFbe0A42j5eNudKAAPDB0+QJRw8cO1ygjLmhLrg9RvDpf87Dkd6D4t93qdef00KKNacQ==
  dependencies:
    prosemirror-model "^1.0.0"
    prosemirror-transform "^1.0.0"
    prosemirror-view "^1.27.0"

prosemirror-tables@^1.3.0:
  version "1.3.0"
  resolved "https://registry.yarnpkg.com/prosemirror-tables/-/prosemirror-tables-1.3.0.tgz#262fa7d030f7bebef7b5fd9a045bce9a786c198c"
  integrity sha512-ujzOb37O2ahmqI626Y0N0V/SZxuA9OGNYnsIMWdfecwkc8S8OShOqeD4kKUxpD0JcP81Z8qy/ulrXQuKhS4WUg==
  dependencies:
    prosemirror-keymap "^1.1.2"
    prosemirror-model "^1.8.1"
    prosemirror-state "^1.3.1"
    prosemirror-transform "^1.2.1"
    prosemirror-view "^1.13.3"

prosemirror-transform@^1.0.0, prosemirror-transform@^1.1.0:
  version "1.3.2"
  resolved "https://registry.yarnpkg.com/prosemirror-transform/-/prosemirror-transform-1.3.2.tgz#5620ebe7379e6fae4f34ecc881886cb22ce96579"
  integrity sha512-/G6d/u9Mf6Bv3H1XR8VxhpjmUO75LYmnvj+s3ZfZpakU1hnQbsvCEybml1B3f2IWUAAQRFkbO1PnsbFhLZsYsw==
  dependencies:
    prosemirror-model "^1.0.0"

prosemirror-transform@^1.2.1:
  version "1.7.0"
  resolved "https://registry.yarnpkg.com/prosemirror-transform/-/prosemirror-transform-1.7.0.tgz#a8a0768f3ee6418d26ebef435beda9d43c65e472"
  integrity sha512-O4T697Cqilw06Zvc3Wm+e237R6eZtJL/xGMliCi+Uo8VL6qHk6afz1qq0zNjT3eZMuYwnP8ZS0+YxX/tfcE9TQ==
  dependencies:
    prosemirror-model "^1.0.0"

prosemirror-utils@^0.9.6:
  version "0.9.6"
  resolved "https://registry.yarnpkg.com/prosemirror-utils/-/prosemirror-utils-0.9.6.tgz#3d97bd85897e3b535555867dc95a51399116a973"
  integrity sha512-UC+j9hQQ1POYfMc5p7UFxBTptRiGPR7Kkmbl3jVvU8VgQbkI89tR/GK+3QYC8n+VvBZrtAoCrJItNhWSxX3slA==

prosemirror-view@^1.0.0, prosemirror-view@^1.1.0, prosemirror-view@^1.17.2:
  version "1.18.7"
  resolved "https://registry.yarnpkg.com/prosemirror-view/-/prosemirror-view-1.18.7.tgz#d9843337a1649f532401589899b724e7e87e83c0"
  integrity sha512-pUCxoyuWnbVfJ/ukhQ+7+bfDMArG3wu6hHnnTFi61C7Teb5OILUhkkhEhF2/RsppBFWrkwsNcf8rQm8SSoSKRg==
  dependencies:
    prosemirror-model "^1.1.0"
    prosemirror-state "^1.0.0"
    prosemirror-transform "^1.1.0"

prosemirror-view@^1.13.3, prosemirror-view@^1.27.0:
  version "1.29.1"
  resolved "https://registry.yarnpkg.com/prosemirror-view/-/prosemirror-view-1.29.1.tgz#9a4938d1a863ca76e23c6573d30e3ece2b17d9a0"
  integrity sha512-OhujVZSDsh0l0PyHNdfaBj6DBkbhYaCfbaxmTeFrMKd/eWS+G6IC+OAbmR9IsLC8Se1HSbphMaXnsXjupHL3UQ==
  dependencies:
    prosemirror-model "^1.16.0"
    prosemirror-state "^1.0.0"
    prosemirror-transform "^1.1.0"

rope-sequence@^1.3.0:
  version "1.3.2"
  resolved "https://registry.yarnpkg.com/rope-sequence/-/rope-sequence-1.3.2.tgz#a19e02d72991ca71feb6b5f8a91154e48e3c098b"
  integrity sha512-ku6MFrwEVSVmXLvy3dYph3LAMNS0890K7fabn+0YIRQ2T96T9F4gkFf0vf0WW0JUraNWwGRtInEpH7yO4tbQZg==

sprintf-js@~1.0.2:
  version "1.0.3"
  resolved "https://registry.yarnpkg.com/sprintf-js/-/sprintf-js-1.0.3.tgz#04e6926f662895354f3dd015203633b857297e2c"
  integrity sha1-BOaSb2YolTVPPdAVIDYzuFcpfiw=

uc.micro@^1.0.1, uc.micro@^1.0.5:
  version "1.0.6"
  resolved "https://registry.yarnpkg.com/uc.micro/-/uc.micro-1.0.6.tgz#9c411a802a409a91fc6cf74081baba34b24499ac"
  integrity sha512-8Y75pvTYkLJW2hWQHXxoqRgV7qb9B+9vFEtidML+7koHUFapnVJAZ6cKs+Qjz5Aw3aZWHMC6u0wJE3At+nSGwA==

w3c-keyname@^2.2.0:
  version "2.2.4"
  resolved "https://registry.yarnpkg.com/w3c-keyname/-/w3c-keyname-2.2.4.tgz#4ade6916f6290224cdbd1db8ac49eab03d0eef6b"
  integrity sha512-tOhfEwEzFLJzf6d1ZPkYfGj+FWhIpBux9ppoP3rlclw3Z0BZv3N7b7030Z1kYth+6rDuAsXUFr+d0VE6Ed1ikw==
